
Microsoft Visual Studio Solution File, Format Version 12.00
# Visual Studio Version 16
VisualStudioVersion = 16.0.30804.86
MinimumVisualStudioVersion = 10.0.40219.1
Project("{9A19103F-16F7-4668-BE54-9A1E7A4F7556}") = "Entities", "Entities\Entities.csproj", "{763C2C69-86B3-41E6-92A2-1C53CA1F81FF}"
EndProject
Project("{9A19103F-16F7-4668-BE54-9A1E7A4F7556}") = "Business", "Business\Business.csproj", "{CF1195D7-F4C3-45FE-B9B4-DF605C089E61}"
EndProject
Project("{9A19103F-16F7-4668-BE54-9A1E7A4F7556}") = "DataAccess", "DataAccess\DataAccess.csproj", "{5BA6DD56-FB29-4A26-9346-B38E6BC573A7}"
EndProject
Project("{9A19103F-16F7-4668-BE54-9A1E7A4F7556}") = "ConsoleUI", "ConsoleUI\ConsoleUI.csproj", "{A9223380-A78A-43C5-B524-5351A5F15055}"
EndProject
Project("{FAE04EC0-301F-11D3-BF4B-00C04F79EFBC}") = "Core", "Core\Core.csproj", "{A9F8CE8A-20D5-4135-84B6-2D4B590E67E0}"
EndProject
Global
	GlobalSection(SolutionConfigurationPlatforms) = preSolution
		Debug|Any CPU = Debug|Any CPU
		Release|Any CPU = Release|Any CPU
	EndGlobalSection
	GlobalSection(ProjectConfigurationPlatforms) = postSolution
		{763C2C69-86B3-41E6-92A2-1C53CA1F81FF}.Debug|Any CPU.ActiveCfg = Debug|Any CPU
		{763C2C69-86B3-41E6-92A2-1C53CA1F81FF}.Debug|Any CPU.Build.0 = Debug|Any CPU
		{763C2C69-86B3-41E6-92A2-1C53CA1F81FF}.Release|Any CPU.ActiveCfg = Release|Any CPU
		{763C2C69-86B3-41E6-92A2-1C53CA1F81FF}.Release|Any CPU.Build.0 = Release|Any CPU
		{CF1195D7-F4C3-45FE-B9B4-DF605C089E61}.Debug|Any CPU.ActiveCfg = Debug|Any CPU
		{CF1195D7-F4C3-45FE-B9B4-DF605C089E61}.Debug|Any CPU.Build.0 = Debug|Any CPU
		{CF1195D7-F4C3-45FE-B9B4-DF605C089E61}.Release|Any CPU.ActiveCfg = Release|Any CPU
		{CF1195D7-F4C3-45FE-B9B4-DF605C089E61}.Release|Any CPU.Build.0 = Release|Any CPU
		{5BA6DD56-FB29-4A26-9346-B38E6BC573A7}.Debug|Any CPU.ActiveCfg = Debug|Any CPU
		{5BA6DD56-FB29-4A26-9346-B38E6BC573A7}.Debug|Any CPU.Build.0 = Debug|Any CPU
		{5BA6DD56-FB29-4A26-9346-B38E6BC573A7}.Release|Any CPU.ActiveCfg = Release|Any CPU
		{5BA6DD56-FB29-4A26-9346-B38E6BC573A7}.Release|Any CPU.Build.0 = Release|Any CPU
		{A9223380-A78A-43C5-B524-5351A5F15055}.Debug|Any CPU.ActiveCfg = Debug|Any CPU
		{A9223380-A78A-43C5-B524-5351A5F15055}.Debug|Any CPU.Build.0 = Debug|Any CPU
		{A9223380-A78A-43C5-B524-5351A5F15055}.Release|Any CPU.ActiveCfg = Release|Any CPU
		{A9223380-A78A-43C5-B524-5351A5F15055}.Release|Any CPU.Build.0 = Release|Any CPU
		{A9F8CE8A-20D5-4135-84B6-2D4B590E67E0}.Debug|Any CPU.ActiveCfg = Debug|Any CPU
		{A9F8CE8A-20D5-4135-84B6-2D4B590E67E0}.Debug|Any CPU.Build.0 = Debug|Any CPU
		{A9F8CE8A-20D5-4135-84B6-2D4B590E67E0}.Release|Any CPU.ActiveCfg = Release|Any CPU
		{A9F8CE8A-20D5-4135-84B6-2D4B590E67E0}.Release|Any CPU.Build.0 = Release|Any CPU
	EndGlobalSection
	GlobalSection(SolutionProperties) = preSolution
		HideSolutionNode = FALSE
	EndGlobalSection
	GlobalSection(ExtensibilityGlobals) = postSolution
		SolutionGuid = {75794F25-4D06-4194-B5A1-E8289FDF22AD}
	EndGlobalSection
EndGlobal
